
Microsoft Visual Studio Solution File, Format Version 12.00
# Visual Studio 14
VisualStudioVersion = 14.0.25420.1
MinimumVisualStudioVersion = 10.0.40219.1
Project("{FAE04EC0-301F-11D3-BF4B-00C04F79EFBC}") = "CS-ASP_045_DartsChallenge_final", "CS-ASP_045_DartsChallenge_final\CS-ASP_045_DartsChallenge_final.csproj", "{5F7A01A2-DF7A-4503-8E4A-EA8B98B11DBB}"
EndProject
Project("{FAE04EC0-301F-11D3-BF4B-00C04F79EFBC}") = "Darts", "Darts\Darts.csproj", "{3017926C-FCD6-4CFD-A8DB-1593E729C858}"
EndProject
Global
	GlobalSection(SolutionConfigurationPlatforms) = preSolution
		Debug|Any CPU = Debug|Any CPU
		Release|Any CPU = Release|Any CPU
	EndGlobalSection
	GlobalSection(ProjectConfigurationPlatforms) = postSolution
		{5F7A01A2-DF7A-4503-8E4A-EA8B98B11DBB}.Debug|Any CPU.ActiveCfg = Debug|Any CPU
		{5F7A01A2-DF7A-4503-8E4A-EA8B98B11DBB}.Debug|Any CPU.Build.0 = Debug|Any CPU
		{5F7A01A2-DF7A-4503-8E4A-EA8B98B11DBB}.Release|Any CPU.ActiveCfg = Release|Any CPU
		{5F7A01A2-DF7A-4503-8E4A-EA8B98B11DBB}.Release|Any CPU.Build.0 = Release|Any CPU
		{3017926C-FCD6-4CFD-A8DB-1593E729C858}.Debug|Any CPU.ActiveCfg = Debug|Any CPU
		{3017926C-FCD6-4CFD-A8DB-1593E729C858}.Debug|Any CPU.Build.0 = Debug|Any CPU
		{3017926C-FCD6-4CFD-A8DB-1593E729C858}.Release|Any CPU.ActiveCfg = Release|Any CPU
		{3017926C-FCD6-4CFD-A8DB-1593E729C858}.Release|Any CPU.Build.0 = Release|Any CPU
	EndGlobalSection
	GlobalSection(SolutionProperties) = preSolution
		HideSolutionNode = FALSE
	EndGlobalSection
EndGlobal
